
Microsoft Visual Studio Solution File, Format Version 12.00
# Visual Studio Version 17
VisualStudioVersion = 17.13.35825.156 d17.13
MinimumVisualStudioVersion = 10.0.40219.1
Project("{FAE04EC0-301F-11D3-BF4B-00C04F79EFBC}") = "Hello-World", "Hello-World.csproj", "{35504B84-1935-408E-8BD4-1614739A36F9}"
EndProject
Global
	GlobalSection(SolutionConfigurationPlatforms) = preSolution
		Debug|Any CPU = Debug|Any CPU
		Release|Any CPU = Release|Any CPU
	EndGlobalSection
	GlobalSection(ProjectConfigurationPlatforms) = postSolution
		{35504B84-1935-408E-8BD4-1614739A36F9}.Debug|Any CPU.ActiveCfg = Debug|Any CPU
		{35504B84-1935-408E-8BD4-1614739A36F9}.Debug|Any CPU.Build.0 = Debug|Any CPU
		{35504B84-1935-408E-8BD4-1614739A36F9}.Release|Any CPU.ActiveCfg = Release|Any CPU
		{35504B84-1935-408E-8BD4-1614739A36F9}.Release|Any CPU.Build.0 = Release|Any CPU
	EndGlobalSection
	GlobalSection(SolutionProperties) = preSolution
		HideSolutionNode = FALSE
	EndGlobalSection
	GlobalSection(ExtensibilityGlobals) = postSolution
		SolutionGuid = {5C8D38E3-6399-454C-BB24-CA82114DF0FD}
	EndGlobalSection
EndGlobal
