
Microsoft Visual Studio Solution File, Format Version 12.00
# Visual Studio Version 17
VisualStudioVersion = 17.13.35825.156 d17.13
MinimumVisualStudioVersion = 10.0.40219.1
Project("{FAE04EC0-301F-11D3-BF4B-00C04F79EFBC}") = "WorkWithFile", "WorkWithFile.csproj", "{C1A4DDDD-0026-47CD-A473-79084D11F580}"
EndProject
Global
	GlobalSection(SolutionConfigurationPlatforms) = preSolution
		Debug|Any CPU = Debug|Any CPU
		Release|Any CPU = Release|Any CPU
	EndGlobalSection
	GlobalSection(ProjectConfigurationPlatforms) = postSolution
		{C1A4DDDD-0026-47CD-A473-79084D11F580}.Debug|Any CPU.ActiveCfg = Debug|Any CPU
		{C1A4DDDD-0026-47CD-A473-79084D11F580}.Debug|Any CPU.Build.0 = Debug|Any CPU
		{C1A4DDDD-0026-47CD-A473-79084D11F580}.Release|Any CPU.ActiveCfg = Release|Any CPU
		{C1A4DDDD-0026-47CD-A473-79084D11F580}.Release|Any CPU.Build.0 = Release|Any CPU
	EndGlobalSection
	GlobalSection(SolutionProperties) = preSolution
		HideSolutionNode = FALSE
	EndGlobalSection
	GlobalSection(ExtensibilityGlobals) = postSolution
		SolutionGuid = {CDF2D1C3-B4D1-4A24-AC37-9DD2DA2271FA}
	EndGlobalSection
EndGlobal
