
Microsoft Visual Studio Solution File, Format Version 12.00
# Visual Studio Version 17
VisualStudioVersion = 17.13.35825.156 d17.13
MinimumVisualStudioVersion = 10.0.40219.1
Project("{FAE04EC0-301F-11D3-BF4B-00C04F79EFBC}") = "RegisterAPI", "RegisterAPI.csproj", "{D675E48A-726C-497D-B995-20C91E29A092}"
EndProject
Global
	GlobalSection(SolutionConfigurationPlatforms) = preSolution
		Debug|Any CPU = Debug|Any CPU
		Release|Any CPU = Release|Any CPU
	EndGlobalSection
	GlobalSection(ProjectConfigurationPlatforms) = postSolution
		{D675E48A-726C-497D-B995-20C91E29A092}.Debug|Any CPU.ActiveCfg = Debug|Any CPU
		{D675E48A-726C-497D-B995-20C91E29A092}.Debug|Any CPU.Build.0 = Debug|Any CPU
		{D675E48A-726C-497D-B995-20C91E29A092}.Release|Any CPU.ActiveCfg = Release|Any CPU
		{D675E48A-726C-497D-B995-20C91E29A092}.Release|Any CPU.Build.0 = Release|Any CPU
	EndGlobalSection
	GlobalSection(SolutionProperties) = preSolution
		HideSolutionNode = FALSE
	EndGlobalSection
	GlobalSection(ExtensibilityGlobals) = postSolution
		SolutionGuid = {EB92CC78-134D-44A8-ADE9-B1EB25B356F1}
	EndGlobalSection
EndGlobal
