
Microsoft Visual Studio Solution File, Format Version 12.00
# Visual Studio Version 17
VisualStudioVersion = 17.13.35825.156 d17.13
MinimumVisualStudioVersion = 10.0.40219.1
Project("{FAE04EC0-301F-11D3-BF4B-00C04F79EFBC}") = "StudentManagement", "StudentManagement.csproj", "{20296AB4-4ACB-4E5E-B2C4-F846F16208D3}"
EndProject
Global
	GlobalSection(SolutionConfigurationPlatforms) = preSolution
		Debug|Any CPU = Debug|Any CPU
		Release|Any CPU = Release|Any CPU
	EndGlobalSection
	GlobalSection(ProjectConfigurationPlatforms) = postSolution
		{20296AB4-4ACB-4E5E-B2C4-F846F16208D3}.Debug|Any CPU.ActiveCfg = Debug|Any CPU
		{20296AB4-4ACB-4E5E-B2C4-F846F16208D3}.Debug|Any CPU.Build.0 = Debug|Any CPU
		{20296AB4-4ACB-4E5E-B2C4-F846F16208D3}.Release|Any CPU.ActiveCfg = Release|Any CPU
		{20296AB4-4ACB-4E5E-B2C4-F846F16208D3}.Release|Any CPU.Build.0 = Release|Any CPU
	EndGlobalSection
	GlobalSection(SolutionProperties) = preSolution
		HideSolutionNode = FALSE
	EndGlobalSection
	GlobalSection(ExtensibilityGlobals) = postSolution
		SolutionGuid = {AD539360-1703-4757-B6A9-57C093F1FB7E}
	EndGlobalSection
EndGlobal
